
Microsoft Visual Studio Solution File, Format Version 12.00
# Visual Studio Version 17
VisualStudioVersion = 17.4.33213.308
MinimumVisualStudioVersion = 10.0.40219.1
Project("{FAE04EC0-301F-11D3-BF4B-00C04F79EFBC}") = "SeaBattle", "SeaBattle\SeaBattle.csproj", "{80F3EE3B-6665-442C-90C5-6F28E85ABA00}"
EndProject
Global
	GlobalSection(SolutionConfigurationPlatforms) = preSolution
		Debug|Any CPU = Debug|Any CPU
		Release|Any CPU = Release|Any CPU
	EndGlobalSection
	GlobalSection(ProjectConfigurationPlatforms) = postSolution
		{80F3EE3B-6665-442C-90C5-6F28E85ABA00}.Debug|Any CPU.ActiveCfg = Debug|Any CPU
		{80F3EE3B-6665-442C-90C5-6F28E85ABA00}.Debug|Any CPU.Build.0 = Debug|Any CPU
		{80F3EE3B-6665-442C-90C5-6F28E85ABA00}.Release|Any CPU.ActiveCfg = Release|Any CPU
		{80F3EE3B-6665-442C-90C5-6F28E85ABA00}.Release|Any CPU.Build.0 = Release|Any CPU
	EndGlobalSection
	GlobalSection(SolutionProperties) = preSolution
		HideSolutionNode = FALSE
	EndGlobalSection
	GlobalSection(ExtensibilityGlobals) = postSolution
		SolutionGuid = {655B72AF-60A1-4954-93FA-F4F0586C677E}
	EndGlobalSection
EndGlobal
